
Microsoft Visual Studio Solution File, Format Version 12.00
Project("{FAE04EC0-301F-11D3-BF4B-00C04F79EFBC}") = "MagicTower", "MagicTower\MagicTower.csproj", "{527683D3-BAFE-43AA-971E-24DB3D1567A3}"
EndProject
Project("{FAE04EC0-301F-11D3-BF4B-00C04F79EFBC}") = "MagicTower.Model", "MagicTower.Model\MagicTower.Model.csproj", "{375FBAB4-240D-4A76-BBAA-EDD1CC7CDCED}"
EndProject
Project("{FAE04EC0-301F-11D3-BF4B-00C04F79EFBC}") = "MagicTower.Model.Tests", "MagicTower.Model.Tests\MagicTower.Model.Tests.csproj", "{10E0BA06-1834-4BE9-98F7-5E968DA0805E}"
EndProject
Global
	GlobalSection(SolutionConfigurationPlatforms) = preSolution
		Debug|Any CPU = Debug|Any CPU
		Release|Any CPU = Release|Any CPU
	EndGlobalSection
	GlobalSection(ProjectConfigurationPlatforms) = postSolution
		{527683D3-BAFE-43AA-971E-24DB3D1567A3}.Debug|Any CPU.ActiveCfg = Debug|Any CPU
		{527683D3-BAFE-43AA-971E-24DB3D1567A3}.Debug|Any CPU.Build.0 = Debug|Any CPU
		{527683D3-BAFE-43AA-971E-24DB3D1567A3}.Release|Any CPU.ActiveCfg = Release|Any CPU
		{527683D3-BAFE-43AA-971E-24DB3D1567A3}.Release|Any CPU.Build.0 = Release|Any CPU
		{375FBAB4-240D-4A76-BBAA-EDD1CC7CDCED}.Debug|Any CPU.ActiveCfg = Debug|Any CPU
		{375FBAB4-240D-4A76-BBAA-EDD1CC7CDCED}.Debug|Any CPU.Build.0 = Debug|Any CPU
		{375FBAB4-240D-4A76-BBAA-EDD1CC7CDCED}.Release|Any CPU.ActiveCfg = Release|Any CPU
		{375FBAB4-240D-4A76-BBAA-EDD1CC7CDCED}.Release|Any CPU.Build.0 = Release|Any CPU
		{10E0BA06-1834-4BE9-98F7-5E968DA0805E}.Debug|Any CPU.ActiveCfg = Debug|Any CPU
		{10E0BA06-1834-4BE9-98F7-5E968DA0805E}.Debug|Any CPU.Build.0 = Debug|Any CPU
		{10E0BA06-1834-4BE9-98F7-5E968DA0805E}.Release|Any CPU.ActiveCfg = Release|Any CPU
		{10E0BA06-1834-4BE9-98F7-5E968DA0805E}.Release|Any CPU.Build.0 = Release|Any CPU
	EndGlobalSection
EndGlobal
